
Microsoft Visual Studio Solution File, Format Version 12.00
# Visual Studio Version 17
VisualStudioVersion = 17.0.31903.59
MinimumVisualStudioVersion = 10.0.40219.1
Project("{FAE04EC0-301F-11D3-BF4B-00C04F79EFBC}") = "ContractSlicer.Core", "ContractSlicer.Core\ContractSlicer.Core.csproj", "{3EB713E9-907F-4846-8643-B5475F36D56F}"
EndProject
Project("{FAE04EC0-301F-11D3-BF4B-00C04F79EFBC}") = "ContractSlicer.ConsoleApp", "ContractSlicer.ConsoleApp\ContractSlicer.ConsoleApp.csproj", "{A1C5D824-C8DD-427D-B600-B7B83DC275A6}"
EndProject
Project("{FAE04EC0-301F-11D3-BF4B-00C04F79EFBC}") = "ContractSlicer.Core.Tests", "ContractSlicer.Core.Tests\ContractSlicer.Core.Tests.csproj", "{C47976E6-6682-4B1C-9D20-6DEBDCC129AB}"
EndProject
Global
	GlobalSection(SolutionConfigurationPlatforms) = preSolution
		Debug|Any CPU = Debug|Any CPU
		Debug|x64 = Debug|x64
		Debug|x86 = Debug|x86
		Release|Any CPU = Release|Any CPU
		Release|x64 = Release|x64
		Release|x86 = Release|x86
	EndGlobalSection
	GlobalSection(ProjectConfigurationPlatforms) = postSolution
		{3EB713E9-907F-4846-8643-B5475F36D56F}.Debug|Any CPU.ActiveCfg = Debug|Any CPU
		{3EB713E9-907F-4846-8643-B5475F36D56F}.Debug|Any CPU.Build.0 = Debug|Any CPU
		{3EB713E9-907F-4846-8643-B5475F36D56F}.Debug|x64.ActiveCfg = Debug|Any CPU
		{3EB713E9-907F-4846-8643-B5475F36D56F}.Debug|x64.Build.0 = Debug|Any CPU
		{3EB713E9-907F-4846-8643-B5475F36D56F}.Debug|x86.ActiveCfg = Debug|Any CPU
		{3EB713E9-907F-4846-8643-B5475F36D56F}.Debug|x86.Build.0 = Debug|Any CPU
		{3EB713E9-907F-4846-8643-B5475F36D56F}.Release|Any CPU.ActiveCfg = Release|Any CPU
		{3EB713E9-907F-4846-8643-B5475F36D56F}.Release|Any CPU.Build.0 = Release|Any CPU
		{3EB713E9-907F-4846-8643-B5475F36D56F}.Release|x64.ActiveCfg = Release|Any CPU
		{3EB713E9-907F-4846-8643-B5475F36D56F}.Release|x64.Build.0 = Release|Any CPU
		{3EB713E9-907F-4846-8643-B5475F36D56F}.Release|x86.ActiveCfg = Release|Any CPU
		{3EB713E9-907F-4846-8643-B5475F36D56F}.Release|x86.Build.0 = Release|Any CPU
		{A1C5D824-C8DD-427D-B600-B7B83DC275A6}.Debug|Any CPU.ActiveCfg = Debug|Any CPU
		{A1C5D824-C8DD-427D-B600-B7B83DC275A6}.Debug|Any CPU.Build.0 = Debug|Any CPU
		{A1C5D824-C8DD-427D-B600-B7B83DC275A6}.Debug|x64.ActiveCfg = Debug|Any CPU
		{A1C5D824-C8DD-427D-B600-B7B83DC275A6}.Debug|x64.Build.0 = Debug|Any CPU
		{A1C5D824-C8DD-427D-B600-B7B83DC275A6}.Debug|x86.ActiveCfg = Debug|Any CPU
		{A1C5D824-C8DD-427D-B600-B7B83DC275A6}.Debug|x86.Build.0 = Debug|Any CPU
		{A1C5D824-C8DD-427D-B600-B7B83DC275A6}.Release|Any CPU.ActiveCfg = Release|Any CPU
		{A1C5D824-C8DD-427D-B600-B7B83DC275A6}.Release|Any CPU.Build.0 = Release|Any CPU
		{A1C5D824-C8DD-427D-B600-B7B83DC275A6}.Release|x64.ActiveCfg = Release|Any CPU
		{A1C5D824-C8DD-427D-B600-B7B83DC275A6}.Release|x64.Build.0 = Release|Any CPU
		{A1C5D824-C8DD-427D-B600-B7B83DC275A6}.Release|x86.ActiveCfg = Release|Any CPU
		{A1C5D824-C8DD-427D-B600-B7B83DC275A6}.Release|x86.Build.0 = Release|Any CPU
		{C47976E6-6682-4B1C-9D20-6DEBDCC129AB}.Debug|Any CPU.ActiveCfg = Debug|Any CPU
		{C47976E6-6682-4B1C-9D20-6DEBDCC129AB}.Debug|Any CPU.Build.0 = Debug|Any CPU
		{C47976E6-6682-4B1C-9D20-6DEBDCC129AB}.Debug|x64.ActiveCfg = Debug|Any CPU
		{C47976E6-6682-4B1C-9D20-6DEBDCC129AB}.Debug|x64.Build.0 = Debug|Any CPU
		{C47976E6-6682-4B1C-9D20-6DEBDCC129AB}.Debug|x86.ActiveCfg = Debug|Any CPU
		{C47976E6-6682-4B1C-9D20-6DEBDCC129AB}.Debug|x86.Build.0 = Debug|Any CPU
		{C47976E6-6682-4B1C-9D20-6DEBDCC129AB}.Release|Any CPU.ActiveCfg = Release|Any CPU
		{C47976E6-6682-4B1C-9D20-6DEBDCC129AB}.Release|Any CPU.Build.0 = Release|Any CPU
		{C47976E6-6682-4B1C-9D20-6DEBDCC129AB}.Release|x64.ActiveCfg = Release|Any CPU
		{C47976E6-6682-4B1C-9D20-6DEBDCC129AB}.Release|x64.Build.0 = Release|Any CPU
		{C47976E6-6682-4B1C-9D20-6DEBDCC129AB}.Release|x86.ActiveCfg = Release|Any CPU
		{C47976E6-6682-4B1C-9D20-6DEBDCC129AB}.Release|x86.Build.0 = Release|Any CPU
	EndGlobalSection
	GlobalSection(SolutionProperties) = preSolution
		HideSolutionNode = FALSE
	EndGlobalSection
EndGlobal
