Microsoft Visual Studio Solution File, Format Version 12.00
# Visual Studio Version 17
VisualStudioVersion = 17.5.2.0
MinimumVisualStudioVersion = 10.0.40219.1
Project("{FAE04EC0-301F-11D3-BF4B-00C04F79EFBC}") = "WorkerContracts", "WorkerContracts.csproj", "{9EB63444-F0BB-23C7-2CCE-BD04F1678C2B}"
EndProject
Global
	GlobalSection(SolutionConfigurationPlatforms) = preSolution
		Debug|Any CPU = Debug|Any CPU
		Release|Any CPU = Release|Any CPU
	EndGlobalSection
	GlobalSection(ProjectConfigurationPlatforms) = postSolution
		{9EB63444-F0BB-23C7-2CCE-BD04F1678C2B}.Debug|Any CPU.ActiveCfg = Debug|Any CPU
		{9EB63444-F0BB-23C7-2CCE-BD04F1678C2B}.Debug|Any CPU.Build.0 = Debug|Any CPU
		{9EB63444-F0BB-23C7-2CCE-BD04F1678C2B}.Release|Any CPU.ActiveCfg = Release|Any CPU
		{9EB63444-F0BB-23C7-2CCE-BD04F1678C2B}.Release|Any CPU.Build.0 = Release|Any CPU
	EndGlobalSection
	GlobalSection(SolutionProperties) = preSolution
		HideSolutionNode = FALSE
	EndGlobalSection
	GlobalSection(ExtensibilityGlobals) = postSolution
		SolutionGuid = {14903F1D-0F6D-48EF-8176-FF05D16B5B78}
	EndGlobalSection
EndGlobal
